
Microsoft Visual Studio Solution File, Format Version 12.00
# Visual Studio Version 17
VisualStudioVersion = 17.3.32929.385
MinimumVisualStudioVersion = 10.0.40219.1
Project("{FAE04EC0-301F-11D3-BF4B-00C04F79EFBC}") = "Lega_1", "Lega_1\Lega_1.csproj", "{21635F81-0FA9-4EB9-A14C-CC59E4B3D848}"
EndProject
Global
	GlobalSection(SolutionConfigurationPlatforms) = preSolution
		Debug|Any CPU = Debug|Any CPU
		Release|Any CPU = Release|Any CPU
	EndGlobalSection
	GlobalSection(ProjectConfigurationPlatforms) = postSolution
		{21635F81-0FA9-4EB9-A14C-CC59E4B3D848}.Debug|Any CPU.ActiveCfg = Debug|Any CPU
		{21635F81-0FA9-4EB9-A14C-CC59E4B3D848}.Debug|Any CPU.Build.0 = Debug|Any CPU
		{21635F81-0FA9-4EB9-A14C-CC59E4B3D848}.Release|Any CPU.ActiveCfg = Release|Any CPU
		{21635F81-0FA9-4EB9-A14C-CC59E4B3D848}.Release|Any CPU.Build.0 = Release|Any CPU
	EndGlobalSection
	GlobalSection(SolutionProperties) = preSolution
		HideSolutionNode = FALSE
	EndGlobalSection
	GlobalSection(ExtensibilityGlobals) = postSolution
		SolutionGuid = {62D39B2C-B3A5-4361-A6BA-0225BEFD851F}
	EndGlobalSection
EndGlobal
